
Microsoft Visual Studio Solution File, Format Version 12.00
# Visual Studio Version 17
SolutionName = Reverse TicTacToe
VisualStudioVersion = 17.5.33516.290
MinimumVisualStudioVersion = 10.0.40219.1
Project("{FAE04EC0-301F-11D3-BF4B-00C04F79EFBC}") = "Ex05 UI", "Ex05 UI\Ex05 UI.csproj", "{83C669AA-C437-4130-BB00-BE0148D7D164}"
EndProject
Project("{FAE04EC0-301F-11D3-BF4B-00C04F79EFBC}") = "Ex05 Logic", "Ex05 Logic\Ex05 Logic.csproj", "{D32D30E3-7DF6-4B58-8618-0C7C4B52461C}"
EndProject
Global
	GlobalSection(SolutionConfigurationPlatforms) = preSolution
		Debug|Any CPU = Debug|Any CPU
		Release|Any CPU = Release|Any CPU
	EndGlobalSection
	GlobalSection(ProjectConfigurationPlatforms) = postSolution
		{83C669AA-C437-4130-BB00-BE0148D7D164}.Debug|Any CPU.ActiveCfg = Debug|Any CPU
		{83C669AA-C437-4130-BB00-BE0148D7D164}.Debug|Any CPU.Build.0 = Debug|Any CPU
		{83C669AA-C437-4130-BB00-BE0148D7D164}.Release|Any CPU.ActiveCfg = Release|Any CPU
		{83C669AA-C437-4130-BB00-BE0148D7D164}.Release|Any CPU.Build.0 = Release|Any CPU
		{D32D30E3-7DF6-4B58-8618-0C7C4B52461C}.Debug|Any CPU.ActiveCfg = Debug|Any CPU
		{D32D30E3-7DF6-4B58-8618-0C7C4B52461C}.Debug|Any CPU.Build.0 = Debug|Any CPU
		{D32D30E3-7DF6-4B58-8618-0C7C4B52461C}.Release|Any CPU.ActiveCfg = Release|Any CPU
		{D32D30E3-7DF6-4B58-8618-0C7C4B52461C}.Release|Any CPU.Build.0 = Release|Any CPU
	EndGlobalSection
	GlobalSection(SolutionProperties) = preSolution
		HideSolutionNode = FALSE
	EndGlobalSection
	GlobalSection(ExtensibilityGlobals) = postSolution
		SolutionGuid = {1C2A6F53-7EDF-4BBB-BFAF-96B853BF1D7A}
	EndGlobalSection
EndGlobal
